{
	"name": "starter-node-angular",
	"lockfileVersion": 2,
	"requires": true,
	"packages": {
		"": {
			"name": "starter-node-angular",
			"dependencies": {
				"body-parser": "~1.4.2",
				"express": "~4.5.1",
				"method-override": "~2.0.2",
				"mongoose": "~5.13.20"
			}
		},
		"node_modules/@types/bson": {
			"version": "4.0.5",
			"resolved": "https://registry.npmjs.org/@types/bson/-/bson-4.0.5.tgz",
			"integrity": "sha512-vVLwMUqhYJSQ/WKcE60eFqcyuWse5fGH+NMAXHuKrUAPoryq3ATxk5o4bgYNtg5aOM4APVg7Hnb3ASqUYG0PKg==",
			"dependencies": {
				"@types/node": "*"
			}
		},
		"node_modules/@types/mongodb": {
			"version": "3.6.20",
			"resolved": "https://registry.npmjs.org/@types/mongodb/-/mongodb-3.6.20.tgz",
			"integrity": "sha512-WcdpPJCakFzcWWD9juKoZbRtQxKIMYF/JIAM4JrNHrMcnJL6/a2NWjXxW7fo9hxboxxkg+icff8d7+WIEvKgYQ==",
			"dependencies": {
				"@types/bson": "*",
				"@types/node": "*"
			}
		},
		"node_modules/@types/node": {
			"version": "20.4.2",
			"resolved": "https://registry.npmjs.org/@types/node/-/node-20.4.2.tgz",
			"integrity": "sha512-Dd0BYtWgnWJKwO1jkmTrzofjK2QXXcai0dmtzvIBhcA+RsG5h8R3xlyta0kGOZRNfL9GuRtb1knmPEhQrePCEw=="
		},
		"node_modules/accepts": {
			"version": "1.0.7",
			"resolved": "https://registry.npmjs.org/accepts/-/accepts-1.0.7.tgz",
			"integrity": "sha1-W1AftPBwQwmWTM2wSBclQSCNqxo=",
			"dependencies": {
				"mime-types": "~1.0.0",
				"negotiator": "0.4.7"
			},
			"engines": {
				"node": ">= 0.8.0"
			}
		},
		"node_modules/bl": {
			"version": "2.2.1",
			"resolved": "https://registry.npmjs.org/bl/-/bl-2.2.1.tgz",
			"integrity": "sha512-6Pesp1w0DEX1N550i/uGV/TqucVL4AM/pgThFSN/Qq9si1/DF9aIHs1BxD8V/QU0HoeHO6cQRTAuYnLPKq1e4g==",
			"dependencies": {
				"readable-stream": "^2.3.5",
				"safe-buffer": "^5.1.1"
			}
		},
		"node_modules/bluebird": {
			"version": "3.5.1",
			"resolved": "https://registry.npmjs.org/bluebird/-/bluebird-3.5.1.tgz",
			"integrity": "sha512-MKiLiV+I1AA596t9w1sQJ8jkiSr5+ZKi0WKrYGUn6d1Fx+Ij4tIj+m2WMQSGczs5jZVxV339chE8iwk6F64wjA=="
		},
		"node_modules/body-parser": {
			"version": "1.4.3",
			"resolved": "https://registry.npmjs.org/body-parser/-/body-parser-1.4.3.tgz",
			"integrity": "sha1-RyeVLP9K8Hc+76SyJsL0Ei9eI00=",
			"dependencies": {
				"bytes": "1.0.0",
				"depd": "0.3.0",
				"iconv-lite": "0.4.3",
				"media-typer": "0.2.0",
				"qs": "0.6.6",
				"raw-body": "1.2.2",
				"type-is": "1.3.1"
			},
			"engines": {
				"node": ">= 0.8"
			}
		},
		"node_modules/bson": {
			"version": "1.1.6",
			"resolved": "https://registry.npmjs.org/bson/-/bson-1.1.6.tgz",
			"integrity": "sha512-EvVNVeGo4tHxwi8L6bPj3y3itEvStdwvvlojVxxbyYfoaxJ6keLgrTuKdyfEAszFK+H3olzBuafE0yoh0D1gdg==",
			"engines": {
				"node": ">=0.6.19"
			}
		},
		"node_modules/buffer-crc32": {
			"version": "0.2.3",
			"resolved": "https://registry.npmjs.org/buffer-crc32/-/buffer-crc32-0.2.3.tgz",
			"integrity": "sha1-u1RRnpXRB8vSQA520MqxRnM22SE=",
			"engines": {
				"node": "*"
			}
		},
		"node_modules/bytes": {
			"version": "1.0.0",
			"resolved": "https://registry.npmjs.org/bytes/-/bytes-1.0.0.tgz",
			"integrity": "sha1-NWnt6Lo0MV+rmcPpLLBMciDeH6g="
		},
		"node_modules/cookie": {
			"version": "0.1.2",
			"resolved": "https://registry.npmjs.org/cookie/-/cookie-0.1.2.tgz",
			"integrity": "sha1-cv7D0k5Io0Mgc9kMEmQgBQYQBLE=",
			"engines": {
				"node": "*"
			}
		},
		"node_modules/cookie-signature": {
			"version": "1.0.4",
			"resolved": "https://registry.npmjs.org/cookie-signature/-/cookie-signature-1.0.4.tgz",
			"integrity": "sha1-Dt0iKG46ERuaKnDbNj6SXoZ/aso="
		},
		"node_modules/core-util-is": {
			"version": "1.0.3",
			"resolved": "https://registry.npmjs.org/core-util-is/-/core-util-is-1.0.3.tgz",
			"integrity": "sha512-ZQBvi1DcpJ4GDqanjucZ2Hj3wEO5pZDS89BWbkcrvdxksJorwUDDZamX9ldFkp9aw2lmBDLgkObEA4DWNJ9FYQ=="
		},
		"node_modules/debug": {
			"version": "1.0.2",
			"resolved": "https://registry.npmjs.org/debug/-/debug-1.0.2.tgz",
			"integrity": "sha1-OElZHBDM5khHbDx8Li40FttZY8Q=",
			"dependencies": {
				"ms": "0.6.2"
			}
		},
		"node_modules/denque": {
			"version": "1.5.1",
			"resolved": "https://registry.npmjs.org/denque/-/denque-1.5.1.tgz",
			"integrity": "sha512-XwE+iZ4D6ZUB7mfYRMb5wByE8L74HCn30FBN7sWnXksWc1LO1bPDl67pBR9o/kC4z/xSNAwkMYcGgqDV3BE3Hw==",
			"engines": {
				"node": ">=0.10"
			}
		},
		"node_modules/depd": {
			"version": "0.3.0",
			"resolved": "https://registry.npmjs.org/depd/-/depd-0.3.0.tgz",
			"integrity": "sha1-Ecm8KOQlMl+9iziUC+/2n6UyaIM=",
			"engines": {
				"node": ">= 0.8.0"
			}
		},
		"node_modules/ee-first": {
			"version": "1.0.3",
			"resolved": "https://registry.npmjs.org/ee-first/-/ee-first-1.0.3.tgz",
			"integrity": "sha1-bJjECJq+y1p7hcGsRJqmA9Oz2r4="
		},
		"node_modules/escape-html": {
			"version": "1.0.1",
			"resolved": "https://registry.npmjs.org/escape-html/-/escape-html-1.0.1.tgz",
			"integrity": "sha1-GBoobq05ejmpKFfPsdQwUuNWv/A="
		},
		"node_modules/express": {
			"version": "4.5.1",
			"resolved": "https://registry.npmjs.org/express/-/express-4.5.1.tgz",
			"integrity": "sha1-S8Pm7J2yjldf5ZHDb7t4H/72/nw=",
			"dependencies": {
				"accepts": "~1.0.7",
				"buffer-crc32": "0.2.3",
				"cookie": "0.1.2",
				"cookie-signature": "1.0.4",
				"debug": "1.0.2",
				"depd": "0.3.0",
				"escape-html": "1.0.1",
				"finalhandler": "0.0.2",
				"fresh": "0.2.2",
				"media-typer": "0.2.0",
				"merge-descriptors": "0.0.2",
				"methods": "1.0.1",
				"parseurl": "1.0.1",
				"path-to-regexp": "0.1.2",
				"proxy-addr": "1.0.1",
				"qs": "0.6.6",
				"range-parser": "1.0.0",
				"send": "0.5.0",
				"serve-static": "~1.3.0",
				"type-is": "~1.3.2",
				"utils-merge": "1.0.0",
				"vary": "0.1.0"
			},
			"engines": {
				"node": ">= 0.10.0"
			}
		},
		"node_modules/express/node_modules/type-is": {
			"version": "1.3.2",
			"resolved": "https://registry.npmjs.org/type-is/-/type-is-1.3.2.tgz",
			"integrity": "sha1-TypdxYd1yhYwJQr8cYb4s2MJ0bs=",
			"dependencies": {
				"media-typer": "0.2.0",
				"mime-types": "~1.0.1"
			},
			"engines": {
				"node": ">= 0.8"
			}
		},
		"node_modules/finalhandler": {
			"version": "0.0.2",
			"resolved": "https://registry.npmjs.org/finalhandler/-/finalhandler-0.0.2.tgz",
			"integrity": "sha1-BgPYde6H1WeiZmkoFcyK1E/M7to=",
			"dependencies": {
				"debug": "1.0.2",
				"escape-html": "1.0.1"
			},
			"engines": {
				"node": ">= 0.8.0"
			}
		},
		"node_modules/finished": {
			"version": "1.2.2",
			"resolved": "https://registry.npmjs.org/finished/-/finished-1.2.2.tgz",
			"integrity": "sha1-QWCOr639ZWg7RqEiC8Sx7D2u3Ng=",
			"dependencies": {
				"ee-first": "1.0.3"
			}
		},
		"node_modules/fresh": {
			"version": "0.2.2",
			"resolved": "https://registry.npmjs.org/fresh/-/fresh-0.2.2.tgz",
			"integrity": "sha1-lzHc9WeMf660T7kDxPct9VGH+nc="
		},
		"node_modules/iconv-lite": {
			"version": "0.4.3",
			"resolved": "https://registry.npmjs.org/iconv-lite/-/iconv-lite-0.4.3.tgz",
			"integrity": "sha1-nniHeTt2nMaV6yLSVGpP0tebeh4=",
			"engines": {
				"node": ">=0.8.0"
			}
		},
		"node_modules/inherits": {
			"version": "2.0.4",
			"resolved": "https://registry.npmjs.org/inherits/-/inherits-2.0.4.tgz",
			"integrity": "sha512-k/vGaX4/Yla3WzyMCvTQOXYeIHvqOKtnqBduzTHpzpQZzAskKMhZ2K+EnBiSM9zGSoIFeMpXKxa4dYeZIQqewQ=="
		},
		"node_modules/ipaddr.js": {
			"version": "0.1.2",
			"resolved": "https://registry.npmjs.org/ipaddr.js/-/ipaddr.js-0.1.2.tgz",
			"integrity": "sha1-ah/T2FT1ACllw017vNm0qNSwRn4=",
			"engines": {
				"node": ">= 0.2.5"
			}
		},
		"node_modules/isarray": {
			"version": "1.0.0",
			"resolved": "https://registry.npmjs.org/isarray/-/isarray-1.0.0.tgz",
			"integrity": "sha512-VLghIWNM6ELQzo7zwmcg0NmTVyWKYjvIeM83yjp0wRDTmUnrM678fQbcKBo6n2CJEF0szoG//ytg+TKla89ALQ=="
		},
		"node_modules/kareem": {
			"version": "2.3.2",
			"resolved": "https://registry.npmjs.org/kareem/-/kareem-2.3.2.tgz",
			"integrity": "sha512-STHz9P7X2L4Kwn72fA4rGyqyXdmrMSdxqHx9IXon/FXluXieaFA6KJ2upcHAHxQPQ0LeM/OjLrhFxifHewOALQ=="
		},
		"node_modules/media-typer": {
			"version": "0.2.0",
			"resolved": "https://registry.npmjs.org/media-typer/-/media-typer-0.2.0.tgz",
			"integrity": "sha1-2KBlITrf6qLnYyGitt2jb/YzWYQ=",
			"engines": {
				"node": ">= 0.8.0"
			}
		},
		"node_modules/memory-pager": {
			"version": "1.5.0",
			"resolved": "https://registry.npmjs.org/memory-pager/-/memory-pager-1.5.0.tgz",
			"integrity": "sha512-ZS4Bp4r/Zoeq6+NLJpP+0Zzm0pR8whtGPf1XExKLJBAczGMnSi3It14OiNCStjQjM6NU1okjQGSxgEZN8eBYKg==",
			"optional": true
		},
		"node_modules/merge-descriptors": {
			"version": "0.0.2",
			"resolved": "https://registry.npmjs.org/merge-descriptors/-/merge-descriptors-0.0.2.tgz",
			"integrity": "sha1-w2pSp4FDdRPFcnXzndnTF1FKyMc="
		},
		"node_modules/method-override": {
			"version": "2.0.2",
			"resolved": "https://registry.npmjs.org/method-override/-/method-override-2.0.2.tgz",
			"integrity": "sha1-AFMSeMeXiWQL8n6X4mo6Wh98ynM=",
			"dependencies": {
				"methods": "1.0.1",
				"parseurl": "1.0.1",
				"vary": "0.1.0"
			},
			"engines": {
				"node": ">= 0.8.0"
			}
		},
		"node_modules/methods": {
			"version": "1.0.1",
			"resolved": "https://registry.npmjs.org/methods/-/methods-1.0.1.tgz",
			"integrity": "sha1-dbyRlD3/19oDfPPusO1zoAN80Us="
		},
		"node_modules/mime": {
			"version": "1.2.11",
			"resolved": "https://registry.npmjs.org/mime/-/mime-1.2.11.tgz",
			"integrity": "sha1-WCA+7Ybjpe8XrtK32evUfwpg3RA="
		},
		"node_modules/mime-types": {
			"version": "1.0.2",
			"resolved": "https://registry.npmjs.org/mime-types/-/mime-types-1.0.2.tgz",
			"integrity": "sha1-mVrhOSq4r/y/yyZB3QVOlDwNXc4=",
			"engines": {
				"node": ">= 0.8.0"
			}
		},
		"node_modules/mongodb": {
			"version": "3.7.4",
			"resolved": "https://registry.npmjs.org/mongodb/-/mongodb-3.7.4.tgz",
			"integrity": "sha512-K5q8aBqEXMwWdVNh94UQTwZ6BejVbFhh1uB6c5FKtPE9eUMZPUO3sRZdgIEcHSrAWmxzpG/FeODDKL388sqRmw==",
			"dependencies": {
				"bl": "^2.2.1",
				"bson": "^1.1.4",
				"denque": "^1.4.1",
				"optional-require": "^1.1.8",
				"safe-buffer": "^5.1.2"
			},
			"engines": {
				"node": ">=4"
			},
			"optionalDependencies": {
				"saslprep": "^1.0.0"
			},
			"peerDependenciesMeta": {
				"aws4": {
					"optional": true
				},
				"bson-ext": {
					"optional": true
				},
				"kerberos": {
					"optional": true
				},
				"mongodb-client-encryption": {
					"optional": true
				},
				"mongodb-extjson": {
					"optional": true
				},
				"snappy": {
					"optional": true
				}
			}
		},
		"node_modules/mongodb/node_modules/optional-require": {
			"version": "1.1.8",
			"resolved": "https://registry.npmjs.org/optional-require/-/optional-require-1.1.8.tgz",
			"integrity": "sha512-jq83qaUb0wNg9Krv1c5OQ+58EK+vHde6aBPzLvPPqJm89UQWsvSuFy9X/OSNJnFeSOKo7btE0n8Nl2+nE+z5nA==",
			"dependencies": {
				"require-at": "^1.0.6"
			},
			"engines": {
				"node": ">=4"
			}
		},
		"node_modules/mongoose": {
			"version": "5.13.20",
			"resolved": "https://registry.npmjs.org/mongoose/-/mongoose-5.13.20.tgz",
			"integrity": "sha512-TjGFa/XnJYt+wLmn8y9ssjyO2OhBMeEBtOHb9iJM16EWu2Du6L1Q6zSiEK2ziyYQM8agb4tumNIQFzqbxId7MA==",
			"dependencies": {
				"@types/bson": "1.x || 4.0.x",
				"@types/mongodb": "^3.5.27",
				"bson": "^1.1.4",
				"kareem": "2.3.2",
				"mongodb": "3.7.4",
				"mongoose-legacy-pluralize": "1.0.2",
				"mpath": "0.8.4",
				"mquery": "3.2.5",
				"ms": "2.1.2",
				"optional-require": "1.0.x",
				"regexp-clone": "1.0.0",
				"safe-buffer": "5.2.1",
				"sift": "13.5.2",
				"sliced": "1.0.1"
			},
			"engines": {
				"node": ">=4.0.0"
			},
			"funding": {
				"type": "opencollective",
				"url": "https://opencollective.com/mongoose"
			}
		},
		"node_modules/mongoose-legacy-pluralize": {
			"version": "1.0.2",
			"resolved": "https://registry.npmjs.org/mongoose-legacy-pluralize/-/mongoose-legacy-pluralize-1.0.2.tgz",
			"integrity": "sha512-Yo/7qQU4/EyIS8YDFSeenIvXxZN+ld7YdV9LqFVQJzTLye8unujAWPZ4NWKfFA+RNjh+wvTWKY9Z3E5XM6ZZiQ==",
			"peerDependencies": {
				"mongoose": "*"
			}
		},
		"node_modules/mongoose/node_modules/ms": {
			"version": "2.1.2",
			"resolved": "https://registry.npmjs.org/ms/-/ms-2.1.2.tgz",
			"integrity": "sha512-sGkPx+VjMtmA6MX27oA4FBFELFCZZ4S4XqeGOXCv68tT+jb3vk/RyaKWP0PTKyWtmLSM0b+adUTEvbs1PEaH2w=="
		},
		"node_modules/mpath": {
			"version": "0.8.4",
			"resolved": "https://registry.npmjs.org/mpath/-/mpath-0.8.4.tgz",
			"integrity": "sha512-DTxNZomBcTWlrMW76jy1wvV37X/cNNxPW1y2Jzd4DZkAaC5ZGsm8bfGfNOthcDuRJujXLqiuS6o3Tpy0JEoh7g==",
			"engines": {
				"node": ">=4.0.0"
			}
		},
		"node_modules/mquery": {
			"version": "3.2.5",
			"resolved": "https://registry.npmjs.org/mquery/-/mquery-3.2.5.tgz",
			"integrity": "sha512-VjOKHHgU84wij7IUoZzFRU07IAxd5kWJaDmyUzQlbjHjyoeK5TNeeo8ZsFDtTYnSgpW6n/nMNIHvE3u8Lbrf4A==",
			"dependencies": {
				"bluebird": "3.5.1",
				"debug": "3.1.0",
				"regexp-clone": "^1.0.0",
				"safe-buffer": "5.1.2",
				"sliced": "1.0.1"
			},
			"engines": {
				"node": ">=4.0.0"
			}
		},
		"node_modules/mquery/node_modules/debug": {
			"version": "3.1.0",
			"resolved": "https://registry.npmjs.org/debug/-/debug-3.1.0.tgz",
			"integrity": "sha512-OX8XqP7/1a9cqkxYw2yXss15f26NKWBpDXQd0/uK/KPqdQhxbPa994hnzjcE2VqQpDslf55723cKPUOGSmMY3g==",
			"dependencies": {
				"ms": "2.0.0"
			}
		},
		"node_modules/mquery/node_modules/ms": {
			"version": "2.0.0",
			"resolved": "https://registry.npmjs.org/ms/-/ms-2.0.0.tgz",
			"integrity": "sha512-Tpp60P6IUJDTuOq/5Z8cdskzJujfwqfOTkrwIwj7IRISpnkJnT6SyJ4PCPnGMoFjC9ddhal5KVIYtAt97ix05A=="
		},
		"node_modules/mquery/node_modules/safe-buffer": {
			"version": "5.1.2",
			"resolved": "https://registry.npmjs.org/safe-buffer/-/safe-buffer-5.1.2.tgz",
			"integrity": "sha512-Gd2UZBJDkXlY7GbJxfsE8/nvKkUEU1G38c1siN6QP6a9PT9MmHB8GnpscSmMJSoF8LOIrt8ud/wPtojys4G6+g=="
		},
		"node_modules/ms": {
			"version": "0.6.2",
			"resolved": "https://registry.npmjs.org/ms/-/ms-0.6.2.tgz",
			"integrity": "sha1-2JwhJMb9wTU9Zai3e/GqxLGTcIw="
		},
		"node_modules/negotiator": {
			"version": "0.4.7",
			"resolved": "https://registry.npmjs.org/negotiator/-/negotiator-0.4.7.tgz",
			"integrity": "sha1-pBYPcXfsgGc4Yx0NMFIyXaQqvcg=",
			"engines": {
				"node": "*"
			}
		},
		"node_modules/optional-require": {
			"version": "1.0.3",
			"resolved": "https://registry.npmjs.org/optional-require/-/optional-require-1.0.3.tgz",
			"integrity": "sha512-RV2Zp2MY2aeYK5G+B/Sps8lW5NHAzE5QClbFP15j+PWmP+T9PxlJXBOOLoSAdgwFvS4t0aMR4vpedMkbHfh0nA==",
			"engines": {
				"node": ">=4"
			}
		},
		"node_modules/parseurl": {
			"version": "1.0.1",
			"resolved": "https://registry.npmjs.org/parseurl/-/parseurl-1.0.1.tgz",
			"integrity": "sha1-Llfc5u/dN8NRhwEDCUTCK/OIt7Q="
		},
		"node_modules/path-to-regexp": {
			"version": "0.1.2",
			"resolved": "https://registry.npmjs.org/path-to-regexp/-/path-to-regexp-0.1.2.tgz",
			"integrity": "sha1-mysVH5zDAYye6lDKlXKeBXgXErQ="
		},
		"node_modules/process-nextick-args": {
			"version": "2.0.1",
			"resolved": "https://registry.npmjs.org/process-nextick-args/-/process-nextick-args-2.0.1.tgz",
			"integrity": "sha512-3ouUOpQhtgrbOa17J7+uxOTpITYWaGP7/AhoR3+A+/1e9skrzelGi/dXzEYyvbxubEF6Wn2ypscTKiKJFFn1ag=="
		},
		"node_modules/proxy-addr": {
			"version": "1.0.1",
			"resolved": "https://registry.npmjs.org/proxy-addr/-/proxy-addr-1.0.1.tgz",
			"integrity": "sha1-x8Vm1etOP61n7rnHfFVYzMObiKg=",
			"dependencies": {
				"ipaddr.js": "0.1.2"
			},
			"engines": {
				"node": ">= 0.8.0"
			}
		},
		"node_modules/qs": {
			"version": "0.6.6",
			"resolved": "https://registry.npmjs.org/qs/-/qs-0.6.6.tgz",
			"integrity": "sha1-bgFQmP9RlouKPIGQAdXyyJvEsQc=",
			"engines": {
				"node": "*"
			}
		},
		"node_modules/range-parser": {
			"version": "1.0.0",
			"resolved": "https://registry.npmjs.org/range-parser/-/range-parser-1.0.0.tgz",
			"integrity": "sha1-pLJkz+C+XONqvjdlrJwqJIdG28A="
		},
		"node_modules/raw-body": {
			"version": "1.2.2",
			"resolved": "https://registry.npmjs.org/raw-body/-/raw-body-1.2.2.tgz",
			"integrity": "sha1-DGjh7ijP7X26SCIjSuxgeEYcvB8=",
			"dependencies": {
				"bytes": "1",
				"iconv-lite": "0.4.3"
			},
			"engines": {
				"node": ">= 0.8.0"
			}
		},
		"node_modules/readable-stream": {
			"version": "2.3.8",
			"resolved": "https://registry.npmjs.org/readable-stream/-/readable-stream-2.3.8.tgz",
			"integrity": "sha512-8p0AUk4XODgIewSi0l8Epjs+EVnWiK7NoDIEGU0HhE7+ZyY8D1IMY7odu5lRrFXGg71L15KG8QrPmum45RTtdA==",
			"dependencies": {
				"core-util-is": "~1.0.0",
				"inherits": "~2.0.3",
				"isarray": "~1.0.0",
				"process-nextick-args": "~2.0.0",
				"safe-buffer": "~5.1.1",
				"string_decoder": "~1.1.1",
				"util-deprecate": "~1.0.1"
			}
		},
		"node_modules/readable-stream/node_modules/safe-buffer": {
			"version": "5.1.2",
			"resolved": "https://registry.npmjs.org/safe-buffer/-/safe-buffer-5.1.2.tgz",
			"integrity": "sha512-Gd2UZBJDkXlY7GbJxfsE8/nvKkUEU1G38c1siN6QP6a9PT9MmHB8GnpscSmMJSoF8LOIrt8ud/wPtojys4G6+g=="
		},
		"node_modules/regexp-clone": {
			"version": "1.0.0",
			"resolved": "https://registry.npmjs.org/regexp-clone/-/regexp-clone-1.0.0.tgz",
			"integrity": "sha512-TuAasHQNamyyJ2hb97IuBEif4qBHGjPHBS64sZwytpLEqtBQ1gPJTnOaQ6qmpET16cK14kkjbazl6+p0RRv0yw=="
		},
		"node_modules/require-at": {
			"version": "1.0.6",
			"resolved": "https://registry.npmjs.org/require-at/-/require-at-1.0.6.tgz",
			"integrity": "sha512-7i1auJbMUrXEAZCOQ0VNJgmcT2VOKPRl2YGJwgpHpC9CE91Mv4/4UYIUm4chGJaI381ZDq1JUicFii64Hapd8g==",
			"engines": {
				"node": ">=4"
			}
		},
		"node_modules/safe-buffer": {
			"version": "5.2.1",
			"resolved": "https://registry.npmjs.org/safe-buffer/-/safe-buffer-5.2.1.tgz",
			"integrity": "sha512-rp3So07KcdmmKbGvgaNxQSJr7bGVSVk5S9Eq1F+ppbRo70+YeaDxkw5Dd8NPN+GD6bjnYm2VuPuCXmpuYvmCXQ==",
			"funding": [
				{
					"type": "github",
					"url": "https://github.com/sponsors/feross"
				},
				{
					"type": "patreon",
					"url": "https://www.patreon.com/feross"
				},
				{
					"type": "consulting",
					"url": "https://feross.org/support"
				}
			]
		},
		"node_modules/saslprep": {
			"version": "1.0.3",
			"resolved": "https://registry.npmjs.org/saslprep/-/saslprep-1.0.3.tgz",
			"integrity": "sha512-/MY/PEMbk2SuY5sScONwhUDsV2p77Znkb/q3nSVstq/yQzYJOH/Azh29p9oJLsl3LnQwSvZDKagDGBsBwSooag==",
			"optional": true,
			"dependencies": {
				"sparse-bitfield": "^3.0.3"
			},
			"engines": {
				"node": ">=6"
			}
		},
		"node_modules/send": {
			"version": "0.5.0",
			"resolved": "https://registry.npmjs.org/send/-/send-0.5.0.tgz",
			"integrity": "sha1-/A9+L5Limuv9ihst60o5TnpTGmg=",
			"dependencies": {
				"debug": "1.0.2",
				"escape-html": "1.0.1",
				"finished": "1.2.2",
				"fresh": "0.2.2",
				"mime": "1.2.11",
				"ms": "0.6.2",
				"range-parser": "~1.0.0"
			},
			"engines": {
				"node": ">= 0.8.0"
			}
		},
		"node_modules/serve-static": {
			"version": "1.3.2",
			"resolved": "https://registry.npmjs.org/serve-static/-/serve-static-1.3.2.tgz",
			"integrity": "sha1-2QSmy/VfURx4E49vRe5uadnRBco=",
			"dependencies": {
				"escape-html": "1.0.1",
				"parseurl": "~1.1.3",
				"send": "0.6.0"
			},
			"engines": {
				"node": ">= 0.8.0"
			}
		},
		"node_modules/serve-static/node_modules/debug": {
			"version": "1.0.3",
			"resolved": "https://registry.npmjs.org/debug/-/debug-1.0.3.tgz",
			"integrity": "sha1-/IxrLWACgEtAgcAgjg9kYLofo+Q=",
			"dependencies": {
				"ms": "0.6.2"
			}
		},
		"node_modules/serve-static/node_modules/parseurl": {
			"version": "1.1.3",
			"resolved": "https://registry.npmjs.org/parseurl/-/parseurl-1.1.3.tgz",
			"integrity": "sha1-HwBXOKxxtBe8LQhFy9+iqLY+pjk="
		},
		"node_modules/serve-static/node_modules/send": {
			"version": "0.6.0",
			"resolved": "https://registry.npmjs.org/send/-/send-0.6.0.tgz",
			"integrity": "sha1-pZ2pJl23w1FB4Qec8fNo7g1Zs6s=",
			"dependencies": {
				"debug": "1.0.3",
				"depd": "0.3.0",
				"escape-html": "1.0.1",
				"finished": "1.2.2",
				"fresh": "0.2.2",
				"mime": "1.2.11",
				"ms": "0.6.2",
				"range-parser": "~1.0.0"
			},
			"engines": {
				"node": ">= 0.8.0"
			}
		},
		"node_modules/sift": {
			"version": "13.5.2",
			"resolved": "https://registry.npmjs.org/sift/-/sift-13.5.2.tgz",
			"integrity": "sha512-+gxdEOMA2J+AI+fVsCqeNn7Tgx3M9ZN9jdi95939l1IJ8cZsqS8sqpJyOkic2SJk+1+98Uwryt/gL6XDaV+UZA=="
		},
		"node_modules/sliced": {
			"version": "1.0.1",
			"resolved": "https://registry.npmjs.org/sliced/-/sliced-1.0.1.tgz",
			"integrity": "sha512-VZBmZP8WU3sMOZm1bdgTadsQbcscK0UM8oKxKVBs4XAhUo2Xxzm/OFMGBkPusxw9xL3Uy8LrzEqGqJhclsr0yA=="
		},
		"node_modules/sparse-bitfield": {
			"version": "3.0.3",
			"resolved": "https://registry.npmjs.org/sparse-bitfield/-/sparse-bitfield-3.0.3.tgz",
			"integrity": "sha512-kvzhi7vqKTfkh0PZU+2D2PIllw2ymqJKujUcyPMd9Y75Nv4nPbGJZXNhxsgdQab2BmlDct1YnfQCguEvHr7VsQ==",
			"optional": true,
			"dependencies": {
				"memory-pager": "^1.0.2"
			}
		},
		"node_modules/string_decoder": {
			"version": "1.1.1",
			"resolved": "https://registry.npmjs.org/string_decoder/-/string_decoder-1.1.1.tgz",
			"integrity": "sha512-n/ShnvDi6FHbbVfviro+WojiFzv+s8MPMHBczVePfUpDJLwoLT0ht1l4YwBCbi8pJAveEEdnkHyPyTP/mzRfwg==",
			"dependencies": {
				"safe-buffer": "~5.1.0"
			}
		},
		"node_modules/string_decoder/node_modules/safe-buffer": {
			"version": "5.1.2",
			"resolved": "https://registry.npmjs.org/safe-buffer/-/safe-buffer-5.1.2.tgz",
			"integrity": "sha512-Gd2UZBJDkXlY7GbJxfsE8/nvKkUEU1G38c1siN6QP6a9PT9MmHB8GnpscSmMJSoF8LOIrt8ud/wPtojys4G6+g=="
		},
		"node_modules/type-is": {
			"version": "1.3.1",
			"resolved": "https://registry.npmjs.org/type-is/-/type-is-1.3.1.tgz",
			"integrity": "sha1-pnibWlITgomt4e+PbZ8odP/XC2s=",
			"dependencies": {
				"media-typer": "0.2.0",
				"mime-types": "1.0.0"
			},
			"engines": {
				"node": ">= 0.8"
			}
		},
		"node_modules/type-is/node_modules/mime-types": {
			"version": "1.0.0",
			"resolved": "https://registry.npmjs.org/mime-types/-/mime-types-1.0.0.tgz",
			"integrity": "sha1-antKavLn2S+Xr+A/BHx4AejwAdI="
		},
		"node_modules/util-deprecate": {
			"version": "1.0.2",
			"resolved": "https://registry.npmjs.org/util-deprecate/-/util-deprecate-1.0.2.tgz",
			"integrity": "sha512-EPD5q1uXyFxJpCrLnCc1nHnq3gOa6DZBocAIiI2TaSCA7VCJ1UJDMagCzIkXNsUYfD1daK//LTEQ8xiIbrHtcw=="
		},
		"node_modules/utils-merge": {
			"version": "1.0.0",
			"resolved": "https://registry.npmjs.org/utils-merge/-/utils-merge-1.0.0.tgz",
			"integrity": "sha1-ApT7kiu5N1FTVBxPcJYjHyh8ivg=",
			"engines": {
				"node": ">= 0.4.0"
			}
		},
		"node_modules/vary": {
			"version": "0.1.0",
			"resolved": "https://registry.npmjs.org/vary/-/vary-0.1.0.tgz",
			"integrity": "sha1-3wlFiZ6TwMxb0YzIMh2dIedPYXY=",
			"engines": {
				"node": ">= 0.8.0"
			}
		}
	},
	"dependencies": {
		"@types/bson": {
			"version": "4.0.5",
			"resolved": "https://registry.npmjs.org/@types/bson/-/bson-4.0.5.tgz",
			"integrity": "sha512-vVLwMUqhYJSQ/WKcE60eFqcyuWse5fGH+NMAXHuKrUAPoryq3ATxk5o4bgYNtg5aOM4APVg7Hnb3ASqUYG0PKg==",
			"requires": {
				"@types/node": "*"
			}
		},
		"@types/mongodb": {
			"version": "3.6.20",
			"resolved": "https://registry.npmjs.org/@types/mongodb/-/mongodb-3.6.20.tgz",
			"integrity": "sha512-WcdpPJCakFzcWWD9juKoZbRtQxKIMYF/JIAM4JrNHrMcnJL6/a2NWjXxW7fo9hxboxxkg+icff8d7+WIEvKgYQ==",
			"requires": {
				"@types/bson": "*",
				"@types/node": "*"
			}
		},
		"@types/node": {
			"version": "20.4.2",
			"resolved": "https://registry.npmjs.org/@types/node/-/node-20.4.2.tgz",
			"integrity": "sha512-Dd0BYtWgnWJKwO1jkmTrzofjK2QXXcai0dmtzvIBhcA+RsG5h8R3xlyta0kGOZRNfL9GuRtb1knmPEhQrePCEw=="
		},
		"accepts": {
			"version": "1.0.7",
			"resolved": "https://registry.npmjs.org/accepts/-/accepts-1.0.7.tgz",
			"integrity": "sha1-W1AftPBwQwmWTM2wSBclQSCNqxo=",
			"requires": {
				"mime-types": "~1.0.0",
				"negotiator": "0.4.7"
			}
		},
		"bl": {
			"version": "2.2.1",
			"resolved": "https://registry.npmjs.org/bl/-/bl-2.2.1.tgz",
			"integrity": "sha512-6Pesp1w0DEX1N550i/uGV/TqucVL4AM/pgThFSN/Qq9si1/DF9aIHs1BxD8V/QU0HoeHO6cQRTAuYnLPKq1e4g==",
			"requires": {
				"readable-stream": "^2.3.5",
				"safe-buffer": "^5.1.1"
			}
		},
		"bluebird": {
			"version": "3.5.1",
			"resolved": "https://registry.npmjs.org/bluebird/-/bluebird-3.5.1.tgz",
			"integrity": "sha512-MKiLiV+I1AA596t9w1sQJ8jkiSr5+ZKi0WKrYGUn6d1Fx+Ij4tIj+m2WMQSGczs5jZVxV339chE8iwk6F64wjA=="
		},
		"body-parser": {
			"version": "1.4.3",
			"resolved": "https://registry.npmjs.org/body-parser/-/body-parser-1.4.3.tgz",
			"integrity": "sha1-RyeVLP9K8Hc+76SyJsL0Ei9eI00=",
			"requires": {
				"bytes": "1.0.0",
				"depd": "0.3.0",
				"iconv-lite": "0.4.3",
				"media-typer": "0.2.0",
				"qs": "0.6.6",
				"raw-body": "1.2.2",
				"type-is": "1.3.1"
			}
		},
		"bson": {
			"version": "1.1.6",
			"resolved": "https://registry.npmjs.org/bson/-/bson-1.1.6.tgz",
			"integrity": "sha512-EvVNVeGo4tHxwi8L6bPj3y3itEvStdwvvlojVxxbyYfoaxJ6keLgrTuKdyfEAszFK+H3olzBuafE0yoh0D1gdg=="
		},
		"buffer-crc32": {
			"version": "0.2.3",
			"resolved": "https://registry.npmjs.org/buffer-crc32/-/buffer-crc32-0.2.3.tgz",
			"integrity": "sha1-u1RRnpXRB8vSQA520MqxRnM22SE="
		},
		"bytes": {
			"version": "1.0.0",
			"resolved": "https://registry.npmjs.org/bytes/-/bytes-1.0.0.tgz",
			"integrity": "sha1-NWnt6Lo0MV+rmcPpLLBMciDeH6g="
		},
		"cookie": {
			"version": "0.1.2",
			"resolved": "https://registry.npmjs.org/cookie/-/cookie-0.1.2.tgz",
			"integrity": "sha1-cv7D0k5Io0Mgc9kMEmQgBQYQBLE="
		},
		"cookie-signature": {
			"version": "1.0.4",
			"resolved": "https://registry.npmjs.org/cookie-signature/-/cookie-signature-1.0.4.tgz",
			"integrity": "sha1-Dt0iKG46ERuaKnDbNj6SXoZ/aso="
		},
		"core-util-is": {
			"version": "1.0.3",
			"resolved": "https://registry.npmjs.org/core-util-is/-/core-util-is-1.0.3.tgz",
			"integrity": "sha512-ZQBvi1DcpJ4GDqanjucZ2Hj3wEO5pZDS89BWbkcrvdxksJorwUDDZamX9ldFkp9aw2lmBDLgkObEA4DWNJ9FYQ=="
		},
		"debug": {
			"version": "1.0.2",
			"resolved": "https://registry.npmjs.org/debug/-/debug-1.0.2.tgz",
			"integrity": "sha1-OElZHBDM5khHbDx8Li40FttZY8Q=",
			"requires": {
				"ms": "0.6.2"
			}
		},
		"denque": {
			"version": "1.5.1",
			"resolved": "https://registry.npmjs.org/denque/-/denque-1.5.1.tgz",
			"integrity": "sha512-XwE+iZ4D6ZUB7mfYRMb5wByE8L74HCn30FBN7sWnXksWc1LO1bPDl67pBR9o/kC4z/xSNAwkMYcGgqDV3BE3Hw=="
		},
		"depd": {
			"version": "0.3.0",
			"resolved": "https://registry.npmjs.org/depd/-/depd-0.3.0.tgz",
			"integrity": "sha1-Ecm8KOQlMl+9iziUC+/2n6UyaIM="
		},
		"ee-first": {
			"version": "1.0.3",
			"resolved": "https://registry.npmjs.org/ee-first/-/ee-first-1.0.3.tgz",
			"integrity": "sha1-bJjECJq+y1p7hcGsRJqmA9Oz2r4="
		},
		"escape-html": {
			"version": "1.0.1",
			"resolved": "https://registry.npmjs.org/escape-html/-/escape-html-1.0.1.tgz",
			"integrity": "sha1-GBoobq05ejmpKFfPsdQwUuNWv/A="
		},
		"express": {
			"version": "4.5.1",
			"resolved": "https://registry.npmjs.org/express/-/express-4.5.1.tgz",
			"integrity": "sha1-S8Pm7J2yjldf5ZHDb7t4H/72/nw=",
			"requires": {
				"accepts": "~1.0.7",
				"buffer-crc32": "0.2.3",
				"cookie": "0.1.2",
				"cookie-signature": "1.0.4",
				"debug": "1.0.2",
				"depd": "0.3.0",
				"escape-html": "1.0.1",
				"finalhandler": "0.0.2",
				"fresh": "0.2.2",
				"media-typer": "0.2.0",
				"merge-descriptors": "0.0.2",
				"methods": "1.0.1",
				"parseurl": "1.0.1",
				"path-to-regexp": "0.1.2",
				"proxy-addr": "1.0.1",
				"qs": "0.6.6",
				"range-parser": "1.0.0",
				"send": "0.5.0",
				"serve-static": "~1.3.0",
				"type-is": "~1.3.2",
				"utils-merge": "1.0.0",
				"vary": "0.1.0"
			},
			"dependencies": {
				"type-is": {
					"version": "1.3.2",
					"resolved": "https://registry.npmjs.org/type-is/-/type-is-1.3.2.tgz",
					"integrity": "sha1-TypdxYd1yhYwJQr8cYb4s2MJ0bs=",
					"requires": {
						"media-typer": "0.2.0",
						"mime-types": "~1.0.1"
					}
				}
			}
		},
		"finalhandler": {
			"version": "0.0.2",
			"resolved": "https://registry.npmjs.org/finalhandler/-/finalhandler-0.0.2.tgz",
			"integrity": "sha1-BgPYde6H1WeiZmkoFcyK1E/M7to=",
			"requires": {
				"debug": "1.0.2",
				"escape-html": "1.0.1"
			}
		},
		"finished": {
			"version": "1.2.2",
			"resolved": "https://registry.npmjs.org/finished/-/finished-1.2.2.tgz",
			"integrity": "sha1-QWCOr639ZWg7RqEiC8Sx7D2u3Ng=",
			"requires": {
				"ee-first": "1.0.3"
			}
		},
		"fresh": {
			"version": "0.2.2",
			"resolved": "https://registry.npmjs.org/fresh/-/fresh-0.2.2.tgz",
			"integrity": "sha1-lzHc9WeMf660T7kDxPct9VGH+nc="
		},
		"iconv-lite": {
			"version": "0.4.3",
			"resolved": "https://registry.npmjs.org/iconv-lite/-/iconv-lite-0.4.3.tgz",
			"integrity": "sha1-nniHeTt2nMaV6yLSVGpP0tebeh4="
		},
		"inherits": {
			"version": "2.0.4",
			"resolved": "https://registry.npmjs.org/inherits/-/inherits-2.0.4.tgz",
			"integrity": "sha512-k/vGaX4/Yla3WzyMCvTQOXYeIHvqOKtnqBduzTHpzpQZzAskKMhZ2K+EnBiSM9zGSoIFeMpXKxa4dYeZIQqewQ=="
		},
		"ipaddr.js": {
			"version": "0.1.2",
			"resolved": "https://registry.npmjs.org/ipaddr.js/-/ipaddr.js-0.1.2.tgz",
			"integrity": "sha1-ah/T2FT1ACllw017vNm0qNSwRn4="
		},
		"isarray": {
			"version": "1.0.0",
			"resolved": "https://registry.npmjs.org/isarray/-/isarray-1.0.0.tgz",
			"integrity": "sha512-VLghIWNM6ELQzo7zwmcg0NmTVyWKYjvIeM83yjp0wRDTmUnrM678fQbcKBo6n2CJEF0szoG//ytg+TKla89ALQ=="
		},
		"kareem": {
			"version": "2.3.2",
			"resolved": "https://registry.npmjs.org/kareem/-/kareem-2.3.2.tgz",
			"integrity": "sha512-STHz9P7X2L4Kwn72fA4rGyqyXdmrMSdxqHx9IXon/FXluXieaFA6KJ2upcHAHxQPQ0LeM/OjLrhFxifHewOALQ=="
		},
		"media-typer": {
			"version": "0.2.0",
			"resolved": "https://registry.npmjs.org/media-typer/-/media-typer-0.2.0.tgz",
			"integrity": "sha1-2KBlITrf6qLnYyGitt2jb/YzWYQ="
		},
		"memory-pager": {
			"version": "1.5.0",
			"resolved": "https://registry.npmjs.org/memory-pager/-/memory-pager-1.5.0.tgz",
			"integrity": "sha512-ZS4Bp4r/Zoeq6+NLJpP+0Zzm0pR8whtGPf1XExKLJBAczGMnSi3It14OiNCStjQjM6NU1okjQGSxgEZN8eBYKg==",
			"optional": true
		},
		"merge-descriptors": {
			"version": "0.0.2",
			"resolved": "https://registry.npmjs.org/merge-descriptors/-/merge-descriptors-0.0.2.tgz",
			"integrity": "sha1-w2pSp4FDdRPFcnXzndnTF1FKyMc="
		},
		"method-override": {
			"version": "2.0.2",
			"resolved": "https://registry.npmjs.org/method-override/-/method-override-2.0.2.tgz",
			"integrity": "sha1-AFMSeMeXiWQL8n6X4mo6Wh98ynM=",
			"requires": {
				"methods": "1.0.1",
				"parseurl": "1.0.1",
				"vary": "0.1.0"
			}
		},
		"methods": {
			"version": "1.0.1",
			"resolved": "https://registry.npmjs.org/methods/-/methods-1.0.1.tgz",
			"integrity": "sha1-dbyRlD3/19oDfPPusO1zoAN80Us="
		},
		"mime": {
			"version": "1.2.11",
			"resolved": "https://registry.npmjs.org/mime/-/mime-1.2.11.tgz",
			"integrity": "sha1-WCA+7Ybjpe8XrtK32evUfwpg3RA="
		},
		"mime-types": {
			"version": "1.0.2",
			"resolved": "https://registry.npmjs.org/mime-types/-/mime-types-1.0.2.tgz",
			"integrity": "sha1-mVrhOSq4r/y/yyZB3QVOlDwNXc4="
		},
		"mongodb": {
			"version": "3.7.4",
			"resolved": "https://registry.npmjs.org/mongodb/-/mongodb-3.7.4.tgz",
			"integrity": "sha512-K5q8aBqEXMwWdVNh94UQTwZ6BejVbFhh1uB6c5FKtPE9eUMZPUO3sRZdgIEcHSrAWmxzpG/FeODDKL388sqRmw==",
			"requires": {
				"bl": "^2.2.1",
				"bson": "^1.1.4",
				"denque": "^1.4.1",
				"optional-require": "^1.1.8",
				"safe-buffer": "^5.1.2",
				"saslprep": "^1.0.0"
			},
			"dependencies": {
				"optional-require": {
					"version": "1.1.8",
					"resolved": "https://registry.npmjs.org/optional-require/-/optional-require-1.1.8.tgz",
					"integrity": "sha512-jq83qaUb0wNg9Krv1c5OQ+58EK+vHde6aBPzLvPPqJm89UQWsvSuFy9X/OSNJnFeSOKo7btE0n8Nl2+nE+z5nA==",
					"requires": {
						"require-at": "^1.0.6"
					}
				}
			}
		},
		"mongoose": {
			"version": "5.13.20",
			"resolved": "https://registry.npmjs.org/mongoose/-/mongoose-5.13.20.tgz",
			"integrity": "sha512-TjGFa/XnJYt+wLmn8y9ssjyO2OhBMeEBtOHb9iJM16EWu2Du6L1Q6zSiEK2ziyYQM8agb4tumNIQFzqbxId7MA==",
			"requires": {
				"@types/bson": "1.x || 4.0.x",
				"@types/mongodb": "^3.5.27",
				"bson": "^1.1.4",
				"kareem": "2.3.2",
				"mongodb": "3.7.4",
				"mongoose-legacy-pluralize": "1.0.2",
				"mpath": "0.8.4",
				"mquery": "3.2.5",
				"ms": "2.1.2",
				"optional-require": "1.0.x",
				"regexp-clone": "1.0.0",
				"safe-buffer": "5.2.1",
				"sift": "13.5.2",
				"sliced": "1.0.1"
			},
			"dependencies": {
				"ms": {
					"version": "2.1.2",
					"resolved": "https://registry.npmjs.org/ms/-/ms-2.1.2.tgz",
					"integrity": "sha512-sGkPx+VjMtmA6MX27oA4FBFELFCZZ4S4XqeGOXCv68tT+jb3vk/RyaKWP0PTKyWtmLSM0b+adUTEvbs1PEaH2w=="
				}
			}
		},
		"mongoose-legacy-pluralize": {
			"version": "1.0.2",
			"resolved": "https://registry.npmjs.org/mongoose-legacy-pluralize/-/mongoose-legacy-pluralize-1.0.2.tgz",
			"integrity": "sha512-Yo/7qQU4/EyIS8YDFSeenIvXxZN+ld7YdV9LqFVQJzTLye8unujAWPZ4NWKfFA+RNjh+wvTWKY9Z3E5XM6ZZiQ==",
			"requires": {}
		},
		"mpath": {
			"version": "0.8.4",
			"resolved": "https://registry.npmjs.org/mpath/-/mpath-0.8.4.tgz",
			"integrity": "sha512-DTxNZomBcTWlrMW76jy1wvV37X/cNNxPW1y2Jzd4DZkAaC5ZGsm8bfGfNOthcDuRJujXLqiuS6o3Tpy0JEoh7g=="
		},
		"mquery": {
			"version": "3.2.5",
			"resolved": "https://registry.npmjs.org/mquery/-/mquery-3.2.5.tgz",
			"integrity": "sha512-VjOKHHgU84wij7IUoZzFRU07IAxd5kWJaDmyUzQlbjHjyoeK5TNeeo8ZsFDtTYnSgpW6n/nMNIHvE3u8Lbrf4A==",
			"requires": {
				"bluebird": "3.5.1",
				"debug": "3.1.0",
				"regexp-clone": "^1.0.0",
				"safe-buffer": "5.1.2",
				"sliced": "1.0.1"
			},
			"dependencies": {
				"debug": {
					"version": "3.1.0",
					"resolved": "https://registry.npmjs.org/debug/-/debug-3.1.0.tgz",
					"integrity": "sha512-OX8XqP7/1a9cqkxYw2yXss15f26NKWBpDXQd0/uK/KPqdQhxbPa994hnzjcE2VqQpDslf55723cKPUOGSmMY3g==",
					"requires": {
						"ms": "2.0.0"
					}
				},
				"ms": {
					"version": "2.0.0",
					"resolved": "https://registry.npmjs.org/ms/-/ms-2.0.0.tgz",
					"integrity": "sha512-Tpp60P6IUJDTuOq/5Z8cdskzJujfwqfOTkrwIwj7IRISpnkJnT6SyJ4PCPnGMoFjC9ddhal5KVIYtAt97ix05A=="
				},
				"safe-buffer": {
					"version": "5.1.2",
					"resolved": "https://registry.npmjs.org/safe-buffer/-/safe-buffer-5.1.2.tgz",
					"integrity": "sha512-Gd2UZBJDkXlY7GbJxfsE8/nvKkUEU1G38c1siN6QP6a9PT9MmHB8GnpscSmMJSoF8LOIrt8ud/wPtojys4G6+g=="
				}
			}
		},
		"ms": {
			"version": "0.6.2",
			"resolved": "https://registry.npmjs.org/ms/-/ms-0.6.2.tgz",
			"integrity": "sha1-2JwhJMb9wTU9Zai3e/GqxLGTcIw="
		},
		"negotiator": {
			"version": "0.4.7",
			"resolved": "https://registry.npmjs.org/negotiator/-/negotiator-0.4.7.tgz",
			"integrity": "sha1-pBYPcXfsgGc4Yx0NMFIyXaQqvcg="
		},
		"optional-require": {
			"version": "1.0.3",
			"resolved": "https://registry.npmjs.org/optional-require/-/optional-require-1.0.3.tgz",
			"integrity": "sha512-RV2Zp2MY2aeYK5G+B/Sps8lW5NHAzE5QClbFP15j+PWmP+T9PxlJXBOOLoSAdgwFvS4t0aMR4vpedMkbHfh0nA=="
		},
		"parseurl": {
			"version": "1.0.1",
			"resolved": "https://registry.npmjs.org/parseurl/-/parseurl-1.0.1.tgz",
			"integrity": "sha1-Llfc5u/dN8NRhwEDCUTCK/OIt7Q="
		},
		"path-to-regexp": {
			"version": "0.1.2",
			"resolved": "https://registry.npmjs.org/path-to-regexp/-/path-to-regexp-0.1.2.tgz",
			"integrity": "sha1-mysVH5zDAYye6lDKlXKeBXgXErQ="
		},
		"process-nextick-args": {
			"version": "2.0.1",
			"resolved": "https://registry.npmjs.org/process-nextick-args/-/process-nextick-args-2.0.1.tgz",
			"integrity": "sha512-3ouUOpQhtgrbOa17J7+uxOTpITYWaGP7/AhoR3+A+/1e9skrzelGi/dXzEYyvbxubEF6Wn2ypscTKiKJFFn1ag=="
		},
		"proxy-addr": {
			"version": "1.0.1",
			"resolved": "https://registry.npmjs.org/proxy-addr/-/proxy-addr-1.0.1.tgz",
			"integrity": "sha1-x8Vm1etOP61n7rnHfFVYzMObiKg=",
			"requires": {
				"ipaddr.js": "0.1.2"
			}
		},
		"qs": {
			"version": "0.6.6",
			"resolved": "https://registry.npmjs.org/qs/-/qs-0.6.6.tgz",
			"integrity": "sha1-bgFQmP9RlouKPIGQAdXyyJvEsQc="
		},
		"range-parser": {
			"version": "1.0.0",
			"resolved": "https://registry.npmjs.org/range-parser/-/range-parser-1.0.0.tgz",
			"integrity": "sha1-pLJkz+C+XONqvjdlrJwqJIdG28A="
		},
		"raw-body": {
			"version": "1.2.2",
			"resolved": "https://registry.npmjs.org/raw-body/-/raw-body-1.2.2.tgz",
			"integrity": "sha1-DGjh7ijP7X26SCIjSuxgeEYcvB8=",
			"requires": {
				"bytes": "1",
				"iconv-lite": "0.4.3"
			}
		},
		"readable-stream": {
			"version": "2.3.8",
			"resolved": "https://registry.npmjs.org/readable-stream/-/readable-stream-2.3.8.tgz",
			"integrity": "sha512-8p0AUk4XODgIewSi0l8Epjs+EVnWiK7NoDIEGU0HhE7+ZyY8D1IMY7odu5lRrFXGg71L15KG8QrPmum45RTtdA==",
			"requires": {
				"core-util-is": "~1.0.0",
				"inherits": "~2.0.3",
				"isarray": "~1.0.0",
				"process-nextick-args": "~2.0.0",
				"safe-buffer": "~5.1.1",
				"string_decoder": "~1.1.1",
				"util-deprecate": "~1.0.1"
			},
			"dependencies": {
				"safe-buffer": {
					"version": "5.1.2",
					"resolved": "https://registry.npmjs.org/safe-buffer/-/safe-buffer-5.1.2.tgz",
					"integrity": "sha512-Gd2UZBJDkXlY7GbJxfsE8/nvKkUEU1G38c1siN6QP6a9PT9MmHB8GnpscSmMJSoF8LOIrt8ud/wPtojys4G6+g=="
				}
			}
		},
		"regexp-clone": {
			"version": "1.0.0",
			"resolved": "https://registry.npmjs.org/regexp-clone/-/regexp-clone-1.0.0.tgz",
			"integrity": "sha512-TuAasHQNamyyJ2hb97IuBEif4qBHGjPHBS64sZwytpLEqtBQ1gPJTnOaQ6qmpET16cK14kkjbazl6+p0RRv0yw=="
		},
		"require-at": {
			"version": "1.0.6",
			"resolved": "https://registry.npmjs.org/require-at/-/require-at-1.0.6.tgz",
			"integrity": "sha512-7i1auJbMUrXEAZCOQ0VNJgmcT2VOKPRl2YGJwgpHpC9CE91Mv4/4UYIUm4chGJaI381ZDq1JUicFii64Hapd8g=="
		},
		"safe-buffer": {
			"version": "5.2.1",
			"resolved": "https://registry.npmjs.org/safe-buffer/-/safe-buffer-5.2.1.tgz",
			"integrity": "sha512-rp3So07KcdmmKbGvgaNxQSJr7bGVSVk5S9Eq1F+ppbRo70+YeaDxkw5Dd8NPN+GD6bjnYm2VuPuCXmpuYvmCXQ=="
		},
		"saslprep": {
			"version": "1.0.3",
			"resolved": "https://registry.npmjs.org/saslprep/-/saslprep-1.0.3.tgz",
			"integrity": "sha512-/MY/PEMbk2SuY5sScONwhUDsV2p77Znkb/q3nSVstq/yQzYJOH/Azh29p9oJLsl3LnQwSvZDKagDGBsBwSooag==",
			"optional": true,
			"requires": {
				"sparse-bitfield": "^3.0.3"
			}
		},
		"send": {
			"version": "0.5.0",
			"resolved": "https://registry.npmjs.org/send/-/send-0.5.0.tgz",
			"integrity": "sha1-/A9+L5Limuv9ihst60o5TnpTGmg=",
			"requires": {
				"debug": "1.0.2",
				"escape-html": "1.0.1",
				"finished": "1.2.2",
				"fresh": "0.2.2",
				"mime": "1.2.11",
				"ms": "0.6.2",
				"range-parser": "~1.0.0"
			}
		},
		"serve-static": {
			"version": "1.3.2",
			"resolved": "https://registry.npmjs.org/serve-static/-/serve-static-1.3.2.tgz",
			"integrity": "sha1-2QSmy/VfURx4E49vRe5uadnRBco=",
			"requires": {
				"escape-html": "1.0.1",
				"parseurl": "~1.1.3",
				"send": "0.6.0"
			},
			"dependencies": {
				"debug": {
					"version": "1.0.3",
					"resolved": "https://registry.npmjs.org/debug/-/debug-1.0.3.tgz",
					"integrity": "sha1-/IxrLWACgEtAgcAgjg9kYLofo+Q=",
					"requires": {
						"ms": "0.6.2"
					}
				},
				"parseurl": {
					"version": "1.1.3",
					"resolved": "https://registry.npmjs.org/parseurl/-/parseurl-1.1.3.tgz",
					"integrity": "sha1-HwBXOKxxtBe8LQhFy9+iqLY+pjk="
				},
				"send": {
					"version": "0.6.0",
					"resolved": "https://registry.npmjs.org/send/-/send-0.6.0.tgz",
					"integrity": "sha1-pZ2pJl23w1FB4Qec8fNo7g1Zs6s=",
					"requires": {
						"debug": "1.0.3",
						"depd": "0.3.0",
						"escape-html": "1.0.1",
						"finished": "1.2.2",
						"fresh": "0.2.2",
						"mime": "1.2.11",
						"ms": "0.6.2",
						"range-parser": "~1.0.0"
					}
				}
			}
		},
		"sift": {
			"version": "13.5.2",
			"resolved": "https://registry.npmjs.org/sift/-/sift-13.5.2.tgz",
			"integrity": "sha512-+gxdEOMA2J+AI+fVsCqeNn7Tgx3M9ZN9jdi95939l1IJ8cZsqS8sqpJyOkic2SJk+1+98Uwryt/gL6XDaV+UZA=="
		},
		"sliced": {
			"version": "1.0.1",
			"resolved": "https://registry.npmjs.org/sliced/-/sliced-1.0.1.tgz",
			"integrity": "sha512-VZBmZP8WU3sMOZm1bdgTadsQbcscK0UM8oKxKVBs4XAhUo2Xxzm/OFMGBkPusxw9xL3Uy8LrzEqGqJhclsr0yA=="
		},
		"sparse-bitfield": {
			"version": "3.0.3",
			"resolved": "https://registry.npmjs.org/sparse-bitfield/-/sparse-bitfield-3.0.3.tgz",
			"integrity": "sha512-kvzhi7vqKTfkh0PZU+2D2PIllw2ymqJKujUcyPMd9Y75Nv4nPbGJZXNhxsgdQab2BmlDct1YnfQCguEvHr7VsQ==",
			"optional": true,
			"requires": {
				"memory-pager": "^1.0.2"
			}
		},
		"string_decoder": {
			"version": "1.1.1",
			"resolved": "https://registry.npmjs.org/string_decoder/-/string_decoder-1.1.1.tgz",
			"integrity": "sha512-n/ShnvDi6FHbbVfviro+WojiFzv+s8MPMHBczVePfUpDJLwoLT0ht1l4YwBCbi8pJAveEEdnkHyPyTP/mzRfwg==",
			"requires": {
				"safe-buffer": "~5.1.0"
			},
			"dependencies": {
				"safe-buffer": {
					"version": "5.1.2",
					"resolved": "https://registry.npmjs.org/safe-buffer/-/safe-buffer-5.1.2.tgz",
					"integrity": "sha512-Gd2UZBJDkXlY7GbJxfsE8/nvKkUEU1G38c1siN6QP6a9PT9MmHB8GnpscSmMJSoF8LOIrt8ud/wPtojys4G6+g=="
				}
			}
		},
		"type-is": {
			"version": "1.3.1",
			"resolved": "https://registry.npmjs.org/type-is/-/type-is-1.3.1.tgz",
			"integrity": "sha1-pnibWlITgomt4e+PbZ8odP/XC2s=",
			"requires": {
				"media-typer": "0.2.0",
				"mime-types": "1.0.0"
			},
			"dependencies": {
				"mime-types": {
					"version": "1.0.0",
					"resolved": "https://registry.npmjs.org/mime-types/-/mime-types-1.0.0.tgz",
					"integrity": "sha1-antKavLn2S+Xr+A/BHx4AejwAdI="
				}
			}
		},
		"util-deprecate": {
			"version": "1.0.2",
			"resolved": "https://registry.npmjs.org/util-deprecate/-/util-deprecate-1.0.2.tgz",
			"integrity": "sha512-EPD5q1uXyFxJpCrLnCc1nHnq3gOa6DZBocAIiI2TaSCA7VCJ1UJDMagCzIkXNsUYfD1daK//LTEQ8xiIbrHtcw=="
		},
		"utils-merge": {
			"version": "1.0.0",
			"resolved": "https://registry.npmjs.org/utils-merge/-/utils-merge-1.0.0.tgz",
			"integrity": "sha1-ApT7kiu5N1FTVBxPcJYjHyh8ivg="
		},
		"vary": {
			"version": "0.1.0",
			"resolved": "https://registry.npmjs.org/vary/-/vary-0.1.0.tgz",
			"integrity": "sha1-3wlFiZ6TwMxb0YzIMh2dIedPYXY="
		}
	}
}
